
Microsoft Visual Studio Solution File, Format Version 12.00
# Visual Studio Version 17
VisualStudioVersion = 17.4.33213.308
MinimumVisualStudioVersion = 10.0.40219.1
Project("{FAE04EC0-301F-11D3-BF4B-00C04F79EFBC}") = "FakeFlix", "FakeFlix\FakeFlix.csproj", "{20964ADD-E97F-4BC3-9A4F-9C3DB3D60696}"
EndProject
Global
	GlobalSection(SolutionConfigurationPlatforms) = preSolution
		Debug|Any CPU = Debug|Any CPU
		Release|Any CPU = Release|Any CPU
	EndGlobalSection
	GlobalSection(ProjectConfigurationPlatforms) = postSolution
		{20964ADD-E97F-4BC3-9A4F-9C3DB3D60696}.Debug|Any CPU.ActiveCfg = Debug|Any CPU
		{20964ADD-E97F-4BC3-9A4F-9C3DB3D60696}.Debug|Any CPU.Build.0 = Debug|Any CPU
		{20964ADD-E97F-4BC3-9A4F-9C3DB3D60696}.Release|Any CPU.ActiveCfg = Release|Any CPU
		{20964ADD-E97F-4BC3-9A4F-9C3DB3D60696}.Release|Any CPU.Build.0 = Release|Any CPU
	EndGlobalSection
	GlobalSection(SolutionProperties) = preSolution
		HideSolutionNode = FALSE
	EndGlobalSection
	GlobalSection(ExtensibilityGlobals) = postSolution
		SolutionGuid = {C6194B79-42DD-44E0-BB05-6A613717A5A6}
	EndGlobalSection
EndGlobal
